
Microsoft Visual Studio Solution File, Format Version 12.00
# Visual Studio Version 17
VisualStudioVersion = 17.10.35122.118
MinimumVisualStudioVersion = 10.0.40219.1
Project("{FAE04EC0-301F-11D3-BF4B-00C04F79EFBC}") = "DesignPatternsDemo", "DesignPatternsDemo.csproj", "{6A437E85-6F23-4DA9-B2F1-4E6285B21A44}"
EndProject
Project("{FAE04EC0-301F-11D3-BF4B-00C04F79EFBC}") = "DemoConsole", "..\DemoConsole\DemoConsole.csproj", "{EB2BB378-9919-484F-AD44-05A63513AA5C}"
EndProject
Global
	GlobalSection(SolutionConfigurationPlatforms) = preSolution
		Debug|Any CPU = Debug|Any CPU
		Release|Any CPU = Release|Any CPU
	EndGlobalSection
	GlobalSection(ProjectConfigurationPlatforms) = postSolution
		{6A437E85-6F23-4DA9-B2F1-4E6285B21A44}.Debug|Any CPU.ActiveCfg = Debug|Any CPU
		{6A437E85-6F23-4DA9-B2F1-4E6285B21A44}.Debug|Any CPU.Build.0 = Debug|Any CPU
		{6A437E85-6F23-4DA9-B2F1-4E6285B21A44}.Release|Any CPU.ActiveCfg = Release|Any CPU
		{6A437E85-6F23-4DA9-B2F1-4E6285B21A44}.Release|Any CPU.Build.0 = Release|Any CPU
		{EB2BB378-9919-484F-AD44-05A63513AA5C}.Debug|Any CPU.ActiveCfg = Debug|Any CPU
		{EB2BB378-9919-484F-AD44-05A63513AA5C}.Debug|Any CPU.Build.0 = Debug|Any CPU
		{EB2BB378-9919-484F-AD44-05A63513AA5C}.Release|Any CPU.ActiveCfg = Release|Any CPU
		{EB2BB378-9919-484F-AD44-05A63513AA5C}.Release|Any CPU.Build.0 = Release|Any CPU
	EndGlobalSection
	GlobalSection(SolutionProperties) = preSolution
		HideSolutionNode = FALSE
	EndGlobalSection
	GlobalSection(ExtensibilityGlobals) = postSolution
		SolutionGuid = {A70B5D3D-0426-4C76-AF32-F8B8E69CE17D}
	EndGlobalSection
EndGlobal
